
Microsoft Visual Studio Solution File, Format Version 12.00
# Visual Studio 15
Project("{FAE04EC0-301F-11D3-BF4B-00C04F79EFBC}") = "Assembly-CSharp", "Assembly-CSharp.csproj", "{0E6ABCB7-AEF3-5FF4-7568-5FC898864393}"
EndProject
Project("{FAE04EC0-301F-11D3-BF4B-00C04F79EFBC}") = "Assembly-CSharp-Editor", "Assembly-CSharp-Editor.csproj", "{F801372D-ED83-9F94-2055-FB32FA257447}"
EndProject
Global
	GlobalSection(SolutionConfigurationPlatforms) = preSolution
		Debug|Any CPU = Debug|Any CPU
		Release|Any CPU = Release|Any CPU
	EndGlobalSection
	GlobalSection(ProjectConfigurationPlatforms) = postSolution
		{0E6ABCB7-AEF3-5FF4-7568-5FC898864393}.Debug|Any CPU.ActiveCfg = Debug|Any CPU
		{0E6ABCB7-AEF3-5FF4-7568-5FC898864393}.Debug|Any CPU.Build.0 = Debug|Any CPU
		{0E6ABCB7-AEF3-5FF4-7568-5FC898864393}.Release|Any CPU.ActiveCfg = Release|Any CPU
		{0E6ABCB7-AEF3-5FF4-7568-5FC898864393}.Release|Any CPU.Build.0 = Release|Any CPU
		{F801372D-ED83-9F94-2055-FB32FA257447}.Debug|Any CPU.ActiveCfg = Debug|Any CPU
		{F801372D-ED83-9F94-2055-FB32FA257447}.Debug|Any CPU.Build.0 = Debug|Any CPU
		{F801372D-ED83-9F94-2055-FB32FA257447}.Release|Any CPU.ActiveCfg = Release|Any CPU
		{F801372D-ED83-9F94-2055-FB32FA257447}.Release|Any CPU.Build.0 = Release|Any CPU
	EndGlobalSection
	GlobalSection(SolutionProperties) = preSolution
		HideSolutionNode = FALSE
	EndGlobalSection
EndGlobal
